
Microsoft Visual Studio Solution File, Format Version 12.00
# Visual Studio Version 16
VisualStudioVersion = 16.0.31129.286
MinimumVisualStudioVersion = 10.0.40219.1
Project("{FAE04EC0-301F-11D3-BF4B-00C04F79EFBC}") = "WpfAppTest", "WpfAppTest.csproj", "{50D43911-1071-4F61-80B1-0BCCF5497188}"
EndProject
Global
	GlobalSection(SolutionConfigurationPlatforms) = preSolution
		Debug|Any CPU = Debug|Any CPU
		Release|Any CPU = Release|Any CPU
	EndGlobalSection
	GlobalSection(ProjectConfigurationPlatforms) = postSolution
		{50D43911-1071-4F61-80B1-0BCCF5497188}.Debug|Any CPU.ActiveCfg = Debug|Any CPU
		{50D43911-1071-4F61-80B1-0BCCF5497188}.Debug|Any CPU.Build.0 = Debug|Any CPU
		{50D43911-1071-4F61-80B1-0BCCF5497188}.Release|Any CPU.ActiveCfg = Release|Any CPU
		{50D43911-1071-4F61-80B1-0BCCF5497188}.Release|Any CPU.Build.0 = Release|Any CPU
	EndGlobalSection
	GlobalSection(SolutionProperties) = preSolution
		HideSolutionNode = FALSE
	EndGlobalSection
	GlobalSection(ExtensibilityGlobals) = postSolution
		SolutionGuid = {6A55AB3A-2273-4496-98D1-64956C2CE90E}
	EndGlobalSection
EndGlobal
